
Microsoft Visual Studio Solution File, Format Version 12.00
# Visual Studio Version 17
VisualStudioVersion = 17.9.34728.123
MinimumVisualStudioVersion = 10.0.40219.1
Project("{FAE04EC0-301F-11D3-BF4B-00C04F79EFBC}") = "ReflectionPractice", "ReflectionPractice\ReflectionPractice.csproj", "{F4658F61-E634-4005-B455-C835CCDFAA01}"
EndProject
Global
	GlobalSection(SolutionConfigurationPlatforms) = preSolution
		Debug|Any CPU = Debug|Any CPU
		Release|Any CPU = Release|Any CPU
	EndGlobalSection
	GlobalSection(ProjectConfigurationPlatforms) = postSolution
		{F4658F61-E634-4005-B455-C835CCDFAA01}.Debug|Any CPU.ActiveCfg = Debug|Any CPU
		{F4658F61-E634-4005-B455-C835CCDFAA01}.Debug|Any CPU.Build.0 = Debug|Any CPU
		{F4658F61-E634-4005-B455-C835CCDFAA01}.Release|Any CPU.ActiveCfg = Release|Any CPU
		{F4658F61-E634-4005-B455-C835CCDFAA01}.Release|Any CPU.Build.0 = Release|Any CPU
	EndGlobalSection
	GlobalSection(SolutionProperties) = preSolution
		HideSolutionNode = FALSE
	EndGlobalSection
	GlobalSection(ExtensibilityGlobals) = postSolution
		SolutionGuid = {9CAFDE4D-FC3B-484C-85A7-95C41A43903A}
	EndGlobalSection
EndGlobal
